
Microsoft Visual Studio Solution File, Format Version 12.00
# Visual Studio Version 16
VisualStudioVersion = 16.0.29613.14
MinimumVisualStudioVersion = 10.0.40219.1
Project("{FAE04EC0-301F-11D3-BF4B-00C04F79EFBC}") = "1. Classes", "Classes\1. Classes.csproj", "{8A8D4EA7-7E8F-492F-A9E6-086A6830AFC7}"
EndProject
Project("{FAE04EC0-301F-11D3-BF4B-00C04F79EFBC}") = "Runner", "Runner\Runner.csproj", "{BD59F8EB-2474-4DDB-9B7C-31BDC7C21F23}"
EndProject
Project("{FAE04EC0-301F-11D3-BF4B-00C04F79EFBC}") = "3. Collections", "Collections\3. Collections.csproj", "{D4DBB1F5-AA17-4CCC-BDBE-B5D0129C9C69}"
EndProject
Project("{FAE04EC0-301F-11D3-BF4B-00C04F79EFBC}") = "2. Inharitance", "Inharitance\2. Inharitance.csproj", "{868905F1-C5A7-4F9A-9AC1-72C511121FE8}"
EndProject
Project("{FAE04EC0-301F-11D3-BF4B-00C04F79EFBC}") = "4. Properties", "Properties\4. Properties.csproj", "{1C2E3C08-1BD3-412E-B397-BFF1C56629B0}"
EndProject
Global
	GlobalSection(SolutionConfigurationPlatforms) = preSolution
		Debug|Any CPU = Debug|Any CPU
		Release|Any CPU = Release|Any CPU
	EndGlobalSection
	GlobalSection(ProjectConfigurationPlatforms) = postSolution
		{8A8D4EA7-7E8F-492F-A9E6-086A6830AFC7}.Debug|Any CPU.ActiveCfg = Debug|Any CPU
		{8A8D4EA7-7E8F-492F-A9E6-086A6830AFC7}.Debug|Any CPU.Build.0 = Debug|Any CPU
		{8A8D4EA7-7E8F-492F-A9E6-086A6830AFC7}.Release|Any CPU.ActiveCfg = Release|Any CPU
		{8A8D4EA7-7E8F-492F-A9E6-086A6830AFC7}.Release|Any CPU.Build.0 = Release|Any CPU
		{BD59F8EB-2474-4DDB-9B7C-31BDC7C21F23}.Debug|Any CPU.ActiveCfg = Debug|Any CPU
		{BD59F8EB-2474-4DDB-9B7C-31BDC7C21F23}.Debug|Any CPU.Build.0 = Debug|Any CPU
		{BD59F8EB-2474-4DDB-9B7C-31BDC7C21F23}.Release|Any CPU.ActiveCfg = Release|Any CPU
		{BD59F8EB-2474-4DDB-9B7C-31BDC7C21F23}.Release|Any CPU.Build.0 = Release|Any CPU
		{D4DBB1F5-AA17-4CCC-BDBE-B5D0129C9C69}.Debug|Any CPU.ActiveCfg = Debug|Any CPU
		{D4DBB1F5-AA17-4CCC-BDBE-B5D0129C9C69}.Debug|Any CPU.Build.0 = Debug|Any CPU
		{D4DBB1F5-AA17-4CCC-BDBE-B5D0129C9C69}.Release|Any CPU.ActiveCfg = Release|Any CPU
		{D4DBB1F5-AA17-4CCC-BDBE-B5D0129C9C69}.Release|Any CPU.Build.0 = Release|Any CPU
		{868905F1-C5A7-4F9A-9AC1-72C511121FE8}.Debug|Any CPU.ActiveCfg = Debug|Any CPU
		{868905F1-C5A7-4F9A-9AC1-72C511121FE8}.Debug|Any CPU.Build.0 = Debug|Any CPU
		{868905F1-C5A7-4F9A-9AC1-72C511121FE8}.Release|Any CPU.ActiveCfg = Release|Any CPU
		{868905F1-C5A7-4F9A-9AC1-72C511121FE8}.Release|Any CPU.Build.0 = Release|Any CPU
		{1C2E3C08-1BD3-412E-B397-BFF1C56629B0}.Debug|Any CPU.ActiveCfg = Debug|Any CPU
		{1C2E3C08-1BD3-412E-B397-BFF1C56629B0}.Debug|Any CPU.Build.0 = Debug|Any CPU
		{1C2E3C08-1BD3-412E-B397-BFF1C56629B0}.Release|Any CPU.ActiveCfg = Release|Any CPU
		{1C2E3C08-1BD3-412E-B397-BFF1C56629B0}.Release|Any CPU.Build.0 = Release|Any CPU
	EndGlobalSection
	GlobalSection(SolutionProperties) = preSolution
		HideSolutionNode = FALSE
	EndGlobalSection
	GlobalSection(ExtensibilityGlobals) = postSolution
		SolutionGuid = {EDC44088-C127-4BB9-BF00-201B1D6282C5}
	EndGlobalSection
EndGlobal
